
Microsoft Visual Studio Solution File, Format Version 12.00
# Visual Studio Version 16
VisualStudioVersion = 16.0.33423.256
MinimumVisualStudioVersion = 10.0.40219.1
Project("{2150E333-8FDC-42A3-9474-1A3956D46DE8}") = "Services", "Services", "{3A406185-7DB2-4390-8BCE-EE0EF4BE6C91}"
EndProject
Project("{2150E333-8FDC-42A3-9474-1A3956D46DE8}") = "Catalog", "Catalog", "{02E79153-23BE-4F0C-9670-E12F5DE33D26}"
EndProject
Project("{E53339B2-1760-4266-BCC7-CA923CBCF16C}") = "docker-compose", "docker-compose.dcproj", "{5C2B1D1D-3414-495D-BA73-1AEB0BE37442}"
EndProject
Project("{9A19103F-16F7-4668-BE54-9A1E7A4F7556}") = "Catalog.Api", "Services\Catalog\Catalog.Api\Catalog.Api.csproj", "{E9F11C91-FA97-4C05-A595-CD451636DD95}"
EndProject
Project("{2150E333-8FDC-42A3-9474-1A3956D46DE8}") = "Basket", "Basket", "{79375F2C-0014-4FA4-B6E7-C1BFAD9BF12B}"
EndProject
Project("{9A19103F-16F7-4668-BE54-9A1E7A4F7556}") = "Basket.Api", "Services\Basket\Basket.Api\Basket.Api.csproj", "{8256BD22-B5FE-4F3A-994D-CDB2CD37290C}"
EndProject
Project("{2150E333-8FDC-42A3-9474-1A3956D46DE8}") = "Discount", "Discount", "{7618484E-D2D1-4E3E-A755-3085D2D892B7}"
EndProject
Project("{9A19103F-16F7-4668-BE54-9A1E7A4F7556}") = "Discount.Api", "Services\Discount\Discount.Api\Discount.Api.csproj", "{B3D36359-D0EA-46ED-AD86-A31AB35B63BC}"
EndProject
Project("{9A19103F-16F7-4668-BE54-9A1E7A4F7556}") = "Discount.Grpc", "Services\Discount\Discount.Grpc\Discount.Grpc.csproj", "{A673DAEE-6D89-42E8-A301-084CEDAAF105}"
EndProject
Project("{2150E333-8FDC-42A3-9474-1A3956D46DE8}") = "Ordering", "Ordering", "{316AC3B7-AD09-45BE-90C3-5EBB17F6CF68}"
EndProject
Project("{FAE04EC0-301F-11D3-BF4B-00C04F79EFBC}") = "Ordering.Api", "Services\Ordering\Ordering.Api\Ordering.Api.csproj", "{897F6531-0A9E-4A28-B485-5D67F352A08B}"
EndProject
Project("{FAE04EC0-301F-11D3-BF4B-00C04F79EFBC}") = "Ordering.Application", "Services\Ordering\Ordering.Application\Ordering.Application.csproj", "{68B2D208-1D90-40F6-AFDF-01D806AC04D4}"
EndProject
Project("{FAE04EC0-301F-11D3-BF4B-00C04F79EFBC}") = "Ordering.Domain", "Services\Ordering\Ordering.Domain\Ordering.Domain.csproj", "{E4898ACE-C77E-4334-8948-E5BC37716E5F}"
EndProject
Project("{FAE04EC0-301F-11D3-BF4B-00C04F79EFBC}") = "Ordering.Infrastructure", "Services\Ordering\Ordering.Infrastructure\Ordering.Infrastructure.csproj", "{36C8F2AE-AB9E-4F38-9B77-41C5446B6447}"
EndProject
Project("{2150E333-8FDC-42A3-9474-1A3956D46DE8}") = "BuildingBlocks", "BuildingBlocks", "{DA03EFC8-0AEB-4CA2-9333-5CD5F4B64B46}"
EndProject
Project("{FAE04EC0-301F-11D3-BF4B-00C04F79EFBC}") = "EventBus.Messages", "BuildingBlocks\EventBus.Messages\EventBus.Messages.csproj", "{8346FFAA-DA45-42A4-8550-7CADAC0057C1}"
EndProject
Project("{2150E333-8FDC-42A3-9474-1A3956D46DE8}") = "ApiGateways", "ApiGateways", "{8BC50207-2A03-4C47-977E-CBD0AA16810A}"
EndProject
Project("{FAE04EC0-301F-11D3-BF4B-00C04F79EFBC}") = "OcelotAPiGw", "ApiGateways\OcelotAPiGw\OcelotAPiGw.csproj", "{DD010DEB-38EF-4C16-888D-2500A135AD1C}"
EndProject
Global
	GlobalSection(SolutionConfigurationPlatforms) = preSolution
		Debug|Any CPU = Debug|Any CPU
		Release|Any CPU = Release|Any CPU
	EndGlobalSection
	GlobalSection(ProjectConfigurationPlatforms) = postSolution
		{5C2B1D1D-3414-495D-BA73-1AEB0BE37442}.Debug|Any CPU.ActiveCfg = Debug|Any CPU
		{5C2B1D1D-3414-495D-BA73-1AEB0BE37442}.Debug|Any CPU.Build.0 = Debug|Any CPU
		{5C2B1D1D-3414-495D-BA73-1AEB0BE37442}.Release|Any CPU.ActiveCfg = Release|Any CPU
		{5C2B1D1D-3414-495D-BA73-1AEB0BE37442}.Release|Any CPU.Build.0 = Release|Any CPU
		{E9F11C91-FA97-4C05-A595-CD451636DD95}.Debug|Any CPU.ActiveCfg = Debug|Any CPU
		{E9F11C91-FA97-4C05-A595-CD451636DD95}.Debug|Any CPU.Build.0 = Debug|Any CPU
		{E9F11C91-FA97-4C05-A595-CD451636DD95}.Release|Any CPU.ActiveCfg = Release|Any CPU
		{E9F11C91-FA97-4C05-A595-CD451636DD95}.Release|Any CPU.Build.0 = Release|Any CPU
		{8256BD22-B5FE-4F3A-994D-CDB2CD37290C}.Debug|Any CPU.ActiveCfg = Debug|Any CPU
		{8256BD22-B5FE-4F3A-994D-CDB2CD37290C}.Debug|Any CPU.Build.0 = Debug|Any CPU
		{8256BD22-B5FE-4F3A-994D-CDB2CD37290C}.Release|Any CPU.ActiveCfg = Release|Any CPU
		{8256BD22-B5FE-4F3A-994D-CDB2CD37290C}.Release|Any CPU.Build.0 = Release|Any CPU
		{B3D36359-D0EA-46ED-AD86-A31AB35B63BC}.Debug|Any CPU.ActiveCfg = Debug|Any CPU
		{B3D36359-D0EA-46ED-AD86-A31AB35B63BC}.Debug|Any CPU.Build.0 = Debug|Any CPU
		{B3D36359-D0EA-46ED-AD86-A31AB35B63BC}.Release|Any CPU.ActiveCfg = Release|Any CPU
		{B3D36359-D0EA-46ED-AD86-A31AB35B63BC}.Release|Any CPU.Build.0 = Release|Any CPU
		{A673DAEE-6D89-42E8-A301-084CEDAAF105}.Debug|Any CPU.ActiveCfg = Debug|Any CPU
		{A673DAEE-6D89-42E8-A301-084CEDAAF105}.Debug|Any CPU.Build.0 = Debug|Any CPU
		{A673DAEE-6D89-42E8-A301-084CEDAAF105}.Release|Any CPU.ActiveCfg = Release|Any CPU
		{A673DAEE-6D89-42E8-A301-084CEDAAF105}.Release|Any CPU.Build.0 = Release|Any CPU
		{897F6531-0A9E-4A28-B485-5D67F352A08B}.Debug|Any CPU.ActiveCfg = Debug|Any CPU
		{897F6531-0A9E-4A28-B485-5D67F352A08B}.Debug|Any CPU.Build.0 = Debug|Any CPU
		{897F6531-0A9E-4A28-B485-5D67F352A08B}.Release|Any CPU.ActiveCfg = Release|Any CPU
		{897F6531-0A9E-4A28-B485-5D67F352A08B}.Release|Any CPU.Build.0 = Release|Any CPU
		{68B2D208-1D90-40F6-AFDF-01D806AC04D4}.Debug|Any CPU.ActiveCfg = Debug|Any CPU
		{68B2D208-1D90-40F6-AFDF-01D806AC04D4}.Debug|Any CPU.Build.0 = Debug|Any CPU
		{68B2D208-1D90-40F6-AFDF-01D806AC04D4}.Release|Any CPU.ActiveCfg = Release|Any CPU
		{68B2D208-1D90-40F6-AFDF-01D806AC04D4}.Release|Any CPU.Build.0 = Release|Any CPU
		{E4898ACE-C77E-4334-8948-E5BC37716E5F}.Debug|Any CPU.ActiveCfg = Debug|Any CPU
		{E4898ACE-C77E-4334-8948-E5BC37716E5F}.Debug|Any CPU.Build.0 = Debug|Any CPU
		{E4898ACE-C77E-4334-8948-E5BC37716E5F}.Release|Any CPU.ActiveCfg = Release|Any CPU
		{E4898ACE-C77E-4334-8948-E5BC37716E5F}.Release|Any CPU.Build.0 = Release|Any CPU
		{36C8F2AE-AB9E-4F38-9B77-41C5446B6447}.Debug|Any CPU.ActiveCfg = Debug|Any CPU
		{36C8F2AE-AB9E-4F38-9B77-41C5446B6447}.Debug|Any CPU.Build.0 = Debug|Any CPU
		{36C8F2AE-AB9E-4F38-9B77-41C5446B6447}.Release|Any CPU.ActiveCfg = Release|Any CPU
		{36C8F2AE-AB9E-4F38-9B77-41C5446B6447}.Release|Any CPU.Build.0 = Release|Any CPU
		{8346FFAA-DA45-42A4-8550-7CADAC0057C1}.Debug|Any CPU.ActiveCfg = Debug|Any CPU
		{8346FFAA-DA45-42A4-8550-7CADAC0057C1}.Debug|Any CPU.Build.0 = Debug|Any CPU
		{8346FFAA-DA45-42A4-8550-7CADAC0057C1}.Release|Any CPU.ActiveCfg = Release|Any CPU
		{8346FFAA-DA45-42A4-8550-7CADAC0057C1}.Release|Any CPU.Build.0 = Release|Any CPU
		{DD010DEB-38EF-4C16-888D-2500A135AD1C}.Debug|Any CPU.ActiveCfg = Debug|Any CPU
		{DD010DEB-38EF-4C16-888D-2500A135AD1C}.Debug|Any CPU.Build.0 = Debug|Any CPU
		{DD010DEB-38EF-4C16-888D-2500A135AD1C}.Release|Any CPU.ActiveCfg = Release|Any CPU
		{DD010DEB-38EF-4C16-888D-2500A135AD1C}.Release|Any CPU.Build.0 = Release|Any CPU
	EndGlobalSection
	GlobalSection(SolutionProperties) = preSolution
		HideSolutionNode = FALSE
	EndGlobalSection
	GlobalSection(NestedProjects) = preSolution
		{02E79153-23BE-4F0C-9670-E12F5DE33D26} = {3A406185-7DB2-4390-8BCE-EE0EF4BE6C91}
		{E9F11C91-FA97-4C05-A595-CD451636DD95} = {02E79153-23BE-4F0C-9670-E12F5DE33D26}
		{79375F2C-0014-4FA4-B6E7-C1BFAD9BF12B} = {3A406185-7DB2-4390-8BCE-EE0EF4BE6C91}
		{8256BD22-B5FE-4F3A-994D-CDB2CD37290C} = {79375F2C-0014-4FA4-B6E7-C1BFAD9BF12B}
		{7618484E-D2D1-4E3E-A755-3085D2D892B7} = {3A406185-7DB2-4390-8BCE-EE0EF4BE6C91}
		{B3D36359-D0EA-46ED-AD86-A31AB35B63BC} = {7618484E-D2D1-4E3E-A755-3085D2D892B7}
		{A673DAEE-6D89-42E8-A301-084CEDAAF105} = {7618484E-D2D1-4E3E-A755-3085D2D892B7}
		{316AC3B7-AD09-45BE-90C3-5EBB17F6CF68} = {3A406185-7DB2-4390-8BCE-EE0EF4BE6C91}
		{897F6531-0A9E-4A28-B485-5D67F352A08B} = {316AC3B7-AD09-45BE-90C3-5EBB17F6CF68}
		{68B2D208-1D90-40F6-AFDF-01D806AC04D4} = {316AC3B7-AD09-45BE-90C3-5EBB17F6CF68}
		{E4898ACE-C77E-4334-8948-E5BC37716E5F} = {316AC3B7-AD09-45BE-90C3-5EBB17F6CF68}
		{36C8F2AE-AB9E-4F38-9B77-41C5446B6447} = {316AC3B7-AD09-45BE-90C3-5EBB17F6CF68}
		{8346FFAA-DA45-42A4-8550-7CADAC0057C1} = {DA03EFC8-0AEB-4CA2-9333-5CD5F4B64B46}
		{DD010DEB-38EF-4C16-888D-2500A135AD1C} = {8BC50207-2A03-4C47-977E-CBD0AA16810A}
	EndGlobalSection
	GlobalSection(ExtensibilityGlobals) = postSolution
		SolutionGuid = {720C28E3-459B-45C7-8FE2-60F2F639E681}
	EndGlobalSection
EndGlobal
