
Microsoft Visual Studio Solution File, Format Version 12.00
# Visual Studio Version 16
VisualStudioVersion = 16.0.33423.256
MinimumVisualStudioVersion = 10.0.40219.1
Project("{2150E333-8FDC-42A3-9474-1A3956D46DE8}") = "Services", "Services", "{3A406185-7DB2-4390-8BCE-EE0EF4BE6C91}"
EndProject
Project("{2150E333-8FDC-42A3-9474-1A3956D46DE8}") = "Catalog", "Catalog", "{02E79153-23BE-4F0C-9670-E12F5DE33D26}"
EndProject
Project("{E53339B2-1760-4266-BCC7-CA923CBCF16C}") = "docker-compose", "docker-compose.dcproj", "{5C2B1D1D-3414-495D-BA73-1AEB0BE37442}"
EndProject
Project("{FAE04EC0-301F-11D3-BF4B-00C04F79EFBC}") = "Catalog.Api", "Services\Catalog\Catalog.Api\Catalog.Api.csproj", "{E9F11C91-FA97-4C05-A595-CD451636DD95}"
EndProject
Global
	GlobalSection(SolutionConfigurationPlatforms) = preSolution
		Debug|Any CPU = Debug|Any CPU
		Release|Any CPU = Release|Any CPU
	EndGlobalSection
	GlobalSection(ProjectConfigurationPlatforms) = postSolution
		{5C2B1D1D-3414-495D-BA73-1AEB0BE37442}.Debug|Any CPU.ActiveCfg = Debug|Any CPU
		{5C2B1D1D-3414-495D-BA73-1AEB0BE37442}.Debug|Any CPU.Build.0 = Debug|Any CPU
		{5C2B1D1D-3414-495D-BA73-1AEB0BE37442}.Release|Any CPU.ActiveCfg = Release|Any CPU
		{5C2B1D1D-3414-495D-BA73-1AEB0BE37442}.Release|Any CPU.Build.0 = Release|Any CPU
		{E9F11C91-FA97-4C05-A595-CD451636DD95}.Debug|Any CPU.ActiveCfg = Debug|Any CPU
		{E9F11C91-FA97-4C05-A595-CD451636DD95}.Debug|Any CPU.Build.0 = Debug|Any CPU
		{E9F11C91-FA97-4C05-A595-CD451636DD95}.Release|Any CPU.ActiveCfg = Release|Any CPU
		{E9F11C91-FA97-4C05-A595-CD451636DD95}.Release|Any CPU.Build.0 = Release|Any CPU
	EndGlobalSection
	GlobalSection(SolutionProperties) = preSolution
		HideSolutionNode = FALSE
	EndGlobalSection
	GlobalSection(NestedProjects) = preSolution
		{02E79153-23BE-4F0C-9670-E12F5DE33D26} = {3A406185-7DB2-4390-8BCE-EE0EF4BE6C91}
		{E9F11C91-FA97-4C05-A595-CD451636DD95} = {02E79153-23BE-4F0C-9670-E12F5DE33D26}
	EndGlobalSection
	GlobalSection(ExtensibilityGlobals) = postSolution
		SolutionGuid = {720C28E3-459B-45C7-8FE2-60F2F639E681}
	EndGlobalSection
EndGlobal
